// !$*UTF8*$!
{
	archiveVersion = 1;
	classes = {
	};
	objectVersion = 46;
	objects = {

/* Begin PBXBuildFile section */
		119C98BA1E164E2300BAF27A /* main.m in Sources */ = {isa = PBXBuildFile; fileRef = 119C98B91E164E2300BAF27A /* main.m */; };
		119C98BD1E164E2300BAF27A /* AppDelegate.m in Sources */ = {isa = PBXBuildFile; fileRef = 119C98BC1E164E2300BAF27A /* AppDelegate.m */; };
		119C98C01E164E2300BAF27A /* ViewController.m in Sources */ = {isa = PBXBuildFile; fileRef = 119C98BF1E164E2300BAF27A /* ViewController.m */; };
		119C98C31E164E2300BAF27A /* Main.storyboard in Resources */ = {isa = PBXBuildFile; fileRef = 119C98C11E164E2300BAF27A /* Main.storyboard */; };
		119C98C51E164E2300BAF27A /* Assets.xcassets in Resources */ = {isa = PBXBuildFile; fileRef = 119C98C41E164E2300BAF27A /* Assets.xcassets */; };
		119C98C81E164E2300BAF27A /* LaunchScreen.storyboard in Resources */ = {isa = PBXBuildFile; fileRef = 119C98C61E164E2300BAF27A /* LaunchScreen.storyboard */; };
		119C98D11E1651A600BAF27A /* NewFeatureView.m in Sources */ = {isa = PBXBuildFile; fileRef = 119C98D01E1651A600BAF27A /* NewFeatureView.m */; };
		119C98ED1E165C4F00BAF27A /* Info.plist in Resources */ = {isa = PBXBuildFile; fileRef = 119C98D31E165C4F00BAF27A /* Info.plist */; };
		119C98EE1E165C4F00BAF27A /* MASCompositeConstraint.m in Sources */ = {isa = PBXBuildFile; fileRef = 119C98D51E165C4F00BAF27A /* MASCompositeConstraint.m */; };
		119C98EF1E165C4F00BAF27A /* MASConstraint.m in Sources */ = {isa = PBXBuildFile; fileRef = 119C98D81E165C4F00BAF27A /* MASConstraint.m */; };
		119C98F01E165C4F00BAF27A /* MASConstraintMaker.m in Sources */ = {isa = PBXBuildFile; fileRef = 119C98DA1E165C4F00BAF27A /* MASConstraintMaker.m */; };
		119C98F11E165C4F00BAF27A /* MASLayoutConstraint.m in Sources */ = {isa = PBXBuildFile; fileRef = 119C98DC1E165C4F00BAF27A /* MASLayoutConstraint.m */; };
		119C98F21E165C4F00BAF27A /* MASViewAttribute.m in Sources */ = {isa = PBXBuildFile; fileRef = 119C98E01E165C4F00BAF27A /* MASViewAttribute.m */; };
		119C98F31E165C4F00BAF27A /* MASViewConstraint.m in Sources */ = {isa = PBXBuildFile; fileRef = 119C98E21E165C4F00BAF27A /* MASViewConstraint.m */; };
		119C98F41E165C4F00BAF27A /* NSArray+MASAdditions.m in Sources */ = {isa = PBXBuildFile; fileRef = 119C98E41E165C4F00BAF27A /* NSArray+MASAdditions.m */; };
		119C98F51E165C4F00BAF27A /* NSLayoutConstraint+MASDebugAdditions.m in Sources */ = {isa = PBXBuildFile; fileRef = 119C98E71E165C4F00BAF27A /* NSLayoutConstraint+MASDebugAdditions.m */; };
		119C98F61E165C4F00BAF27A /* View+MASAdditions.m in Sources */ = {isa = PBXBuildFile; fileRef = 119C98E91E165C4F00BAF27A /* View+MASAdditions.m */; };
		119C98F71E165C4F00BAF27A /* ViewController+MASAdditions.m in Sources */ = {isa = PBXBuildFile; fileRef = 119C98EC1E165C4F00BAF27A /* ViewController+MASAdditions.m */; };
/* End PBXBuildFile section */

/* Begin PBXFileReference section */
		119C98B51E164E2300BAF27A /* NewFeatureDemo.app */ = {isa = PBXFileReference; explicitFileType = wrapper.application; includeInIndex = 0; path = NewFeatureDemo.app; sourceTree = BUILT_PRODUCTS_DIR; };
		119C98B91E164E2300BAF27A /* main.m */ = {isa = PBXFileReference; lastKnownFileType = sourcecode.c.objc; path = main.m; sourceTree = "<group>"; };
		119C98BB1E164E2300BAF27A /* AppDelegate.h */ = {isa = PBXFileReference; lastKnownFileType = sourcecode.c.h; path = AppDelegate.h; sourceTree = "<group>"; };
		119C98BC1E164E2300BAF27A /* AppDelegate.m */ = {isa = PBXFileReference; lastKnownFileType = sourcecode.c.objc; path = AppDelegate.m; sourceTree = "<group>"; };
		119C98BE1E164E2300BAF27A /* ViewController.h */ = {isa = PBXFileReference; lastKnownFileType = sourcecode.c.h; path = ViewController.h; sourceTree = "<group>"; };
		119C98BF1E164E2300BAF27A /* ViewController.m */ = {isa = PBXFileReference; lastKnownFileType = sourcecode.c.objc; path = ViewController.m; sourceTree = "<group>"; };
		119C98C21E164E2300BAF27A /* Base */ = {isa = PBXFileReference; lastKnownFileType = file.storyboard; name = Base; path = Base.lproj/Main.storyboard; sourceTree = "<group>"; };
		119C98C41E164E2300BAF27A /* Assets.xcassets */ = {isa = PBXFileReference; lastKnownFileType = folder.assetcatalog; path = Assets.xcassets; sourceTree = "<group>"; };
		119C98C71E164E2300BAF27A /* Base */ = {isa = PBXFileReference; lastKnownFileType = file.storyboard; name = Base; path = Base.lproj/LaunchScreen.storyboard; sourceTree = "<group>"; };
		119C98C91E164E2300BAF27A /* Info.plist */ = {isa = PBXFileReference; lastKnownFileType = text.plist.xml; path = Info.plist; sourceTree = "<group>"; };
		119C98CF1E1651A600BAF27A /* NewFeatureView.h */ = {isa = PBXFileReference; fileEncoding = 4; lastKnownFileType = sourcecode.c.h; path = NewFeatureView.h; sourceTree = "<group>"; };
		119C98D01E1651A600BAF27A /* NewFeatureView.m */ = {isa = PBXFileReference; fileEncoding = 4; lastKnownFileType = sourcecode.c.objc; path = NewFeatureView.m; sourceTree = "<group>"; };
		119C98D31E165C4F00BAF27A /* Info.plist */ = {isa = PBXFileReference; fileEncoding = 4; lastKnownFileType = text.plist.xml; path = Info.plist; sourceTree = "<group>"; };
		119C98D41E165C4F00BAF27A /* MASCompositeConstraint.h */ = {isa = PBXFileReference; fileEncoding = 4; lastKnownFileType = sourcecode.c.h; path = MASCompositeConstraint.h; sourceTree = "<group>"; };
		119C98D51E165C4F00BAF27A /* MASCompositeConstraint.m */ = {isa = PBXFileReference; fileEncoding = 4; lastKnownFileType = sourcecode.c.objc; path = MASCompositeConstraint.m; sourceTree = "<group>"; };
		119C98D61E165C4F00BAF27A /* MASConstraint+Private.h */ = {isa = PBXFileReference; fileEncoding = 4; lastKnownFileType = sourcecode.c.h; path = "MASConstraint+Private.h"; sourceTree = "<group>"; };
		119C98D71E165C4F00BAF27A /* MASConstraint.h */ = {isa = PBXFileReference; fileEncoding = 4; lastKnownFileType = sourcecode.c.h; path = MASConstraint.h; sourceTree = "<group>"; };
		119C98D81E165C4F00BAF27A /* MASConstraint.m */ = {isa = PBXFileReference; fileEncoding = 4; lastKnownFileType = sourcecode.c.objc; path = MASConstraint.m; sourceTree = "<group>"; };
		119C98D91E165C4F00BAF27A /* MASConstraintMaker.h */ = {isa = PBXFileReference; fileEncoding = 4; lastKnownFileType = sourcecode.c.h; path = MASConstraintMaker.h; sourceTree = "<group>"; };
		119C98DA1E165C4F00BAF27A /* MASConstraintMaker.m */ = {isa = PBXFileReference; fileEncoding = 4; lastKnownFileType = sourcecode.c.objc; path = MASConstraintMaker.m; sourceTree = "<group>"; };
		119C98DB1E165C4F00BAF27A /* MASLayoutConstraint.h */ = {isa = PBXFileReference; fileEncoding = 4; lastKnownFileType = sourcecode.c.h; path = MASLayoutConstraint.h; sourceTree = "<group>"; };
		119C98DC1E165C4F00BAF27A /* MASLayoutConstraint.m */ = {isa = PBXFileReference; fileEncoding = 4; lastKnownFileType = sourcecode.c.objc; path = MASLayoutConstraint.m; sourceTree = "<group>"; };
		119C98DD1E165C4F00BAF27A /* Masonry.h */ = {isa = PBXFileReference; fileEncoding = 4; lastKnownFileType = sourcecode.c.h; path = Masonry.h; sourceTree = "<group>"; };
		119C98DE1E165C4F00BAF27A /* MASUtilities.h */ = {isa = PBXFileReference; fileEncoding = 4; lastKnownFileType = sourcecode.c.h; path = MASUtilities.h; sourceTree = "<group>"; };
		119C98DF1E165C4F00BAF27A /* MASViewAttribute.h */ = {isa = PBXFileReference; fileEncoding = 4; lastKnownFileType = sourcecode.c.h; path = MASViewAttribute.h; sourceTree = "<group>"; };
		119C98E01E165C4F00BAF27A /* MASViewAttribute.m */ = {isa = PBXFileReference; fileEncoding = 4; lastKnownFileType = sourcecode.c.objc; path = MASViewAttribute.m; sourceTree = "<group>"; };
		119C98E11E165C4F00BAF27A /* MASViewConstraint.h */ = {isa = PBXFileReference; fileEncoding = 4; lastKnownFileType = sourcecode.c.h; path = MASViewConstraint.h; sourceTree = "<group>"; };
		119C98E21E165C4F00BAF27A /* MASViewConstraint.m */ = {isa = PBXFileReference; fileEncoding = 4; lastKnownFileType = sourcecode.c.objc; path = MASViewConstraint.m; sourceTree = "<group>"; };
		119C98E31E165C4F00BAF27A /* NSArray+MASAdditions.h */ = {isa = PBXFileReference; fileEncoding = 4; lastKnownFileType = sourcecode.c.h; path = "NSArray+MASAdditions.h"; sourceTree = "<group>"; };
		119C98E41E165C4F00BAF27A /* NSArray+MASAdditions.m */ = {isa = PBXFileReference; fileEncoding = 4; lastKnownFileType = sourcecode.c.objc; path = "NSArray+MASAdditions.m"; sourceTree = "<group>"; };
		119C98E51E165C4F00BAF27A /* NSArray+MASShorthandAdditions.h */ = {isa = PBXFileReference; fileEncoding = 4; lastKnownFileType = sourcecode.c.h; path = "NSArray+MASShorthandAdditions.h"; sourceTree = "<group>"; };
		119C98E61E165C4F00BAF27A /* NSLayoutConstraint+MASDebugAdditions.h */ = {isa = PBXFileReference; fileEncoding = 4; lastKnownFileType = sourcecode.c.h; path = "NSLayoutConstraint+MASDebugAdditions.h"; sourceTree = "<group>"; };
		119C98E71E165C4F00BAF27A /* NSLayoutConstraint+MASDebugAdditions.m */ = {isa = PBXFileReference; fileEncoding = 4; lastKnownFileType = sourcecode.c.objc; path = "NSLayoutConstraint+MASDebugAdditions.m"; sourceTree = "<group>"; };
		119C98E81E165C4F00BAF27A /* View+MASAdditions.h */ = {isa = PBXFileReference; fileEncoding = 4; lastKnownFileType = sourcecode.c.h; path = "View+MASAdditions.h"; sourceTree = "<group>"; };
		119C98E91E165C4F00BAF27A /* View+MASAdditions.m */ = {isa = PBXFileReference; fileEncoding = 4; lastKnownFileType = sourcecode.c.objc; path = "View+MASAdditions.m"; sourceTree = "<group>"; };
		119C98EA1E165C4F00BAF27A /* View+MASShorthandAdditions.h */ = {isa = PBXFileReference; fileEncoding = 4; lastKnownFileType = sourcecode.c.h; path = "View+MASShorthandAdditions.h"; sourceTree = "<group>"; };
		119C98EB1E165C4F00BAF27A /* ViewController+MASAdditions.h */ = {isa = PBXFileReference; fileEncoding = 4; lastKnownFileType = sourcecode.c.h; path = "ViewController+MASAdditions.h"; sourceTree = "<group>"; };
		119C98EC1E165C4F00BAF27A /* ViewController+MASAdditions.m */ = {isa = PBXFileReference; fileEncoding = 4; lastKnownFileType = sourcecode.c.objc; path = "ViewController+MASAdditions.m"; sourceTree = "<group>"; };
/* End PBXFileReference section */

/* Begin PBXFrameworksBuildPhase section */
		119C98B21E164E2300BAF27A /* Frameworks */ = {
			isa = PBXFrameworksBuildPhase;
			buildActionMask = 2147483647;
			files = (
			);
			runOnlyForDeploymentPostprocessing = 0;
		};
/* End PBXFrameworksBuildPhase section */

/* Begin PBXGroup section */
		119C98AC1E164E2300BAF27A = {
			isa = PBXGroup;
			children = (
				119C98D21E165C4F00BAF27A /* Masonry */,
				119C98B71E164E2300BAF27A /* NewFeatureDemo */,
				119C98B61E164E2300BAF27A /* Products */,
			);
			sourceTree = "<group>";
		};
		119C98B61E164E2300BAF27A /* Products */ = {
			isa = PBXGroup;
			children = (
				119C98B51E164E2300BAF27A /* NewFeatureDemo.app */,
			);
			name = Products;
			sourceTree = "<group>";
		};
		119C98B71E164E2300BAF27A /* NewFeatureDemo */ = {
			isa = PBXGroup;
			children = (
				119C98BB1E164E2300BAF27A /* AppDelegate.h */,
				119C98BC1E164E2300BAF27A /* AppDelegate.m */,
				119C98BE1E164E2300BAF27A /* ViewController.h */,
				119C98BF1E164E2300BAF27A /* ViewController.m */,
				119C98CF1E1651A600BAF27A /* NewFeatureView.h */,
				119C98D01E1651A600BAF27A /* NewFeatureView.m */,
				119C98B81E164E2300BAF27A /* Supporting Files */,
			);
			path = NewFeatureDemo;
			sourceTree = "<group>";
		};
		119C98B81E164E2300BAF27A /* Supporting Files */ = {
			isa = PBXGroup;
			children = (
				119C98C11E164E2300BAF27A /* Main.storyboard */,
				119C98C41E164E2300BAF27A /* Assets.xcassets */,
				119C98C61E164E2300BAF27A /* LaunchScreen.storyboard */,
				119C98C91E164E2300BAF27A /* Info.plist */,
				119C98B91E164E2300BAF27A /* main.m */,
			);
			name = "Supporting Files";
			sourceTree = "<group>";
		};
		119C98D21E165C4F00BAF27A /* Masonry */ = {
			isa = PBXGroup;
			children = (
				119C98D31E165C4F00BAF27A /* Info.plist */,
				119C98D41E165C4F00BAF27A /* MASCompositeConstraint.h */,
				119C98D51E165C4F00BAF27A /* MASCompositeConstraint.m */,
				119C98D61E165C4F00BAF27A /* MASConstraint+Private.h */,
				119C98D71E165C4F00BAF27A /* MASConstraint.h */,
				119C98D81E165C4F00BAF27A /* MASConstraint.m */,
				119C98D91E165C4F00BAF27A /* MASConstraintMaker.h */,
				119C98DA1E165C4F00BAF27A /* MASConstraintMaker.m */,
				119C98DB1E165C4F00BAF27A /* MASLayoutConstraint.h */,
				119C98DC1E165C4F00BAF27A /* MASLayoutConstraint.m */,
				119C98DD1E165C4F00BAF27A /* Masonry.h */,
				119C98DE1E165C4F00BAF27A /* MASUtilities.h */,
				119C98DF1E165C4F00BAF27A /* MASViewAttribute.h */,
				119C98E01E165C4F00BAF27A /* MASViewAttribute.m */,
				119C98E11E165C4F00BAF27A /* MASViewConstraint.h */,
				119C98E21E165C4F00BAF27A /* MASViewConstraint.m */,
				119C98E31E165C4F00BAF27A /* NSArray+MASAdditions.h */,
				119C98E41E165C4F00BAF27A /* NSArray+MASAdditions.m */,
				119C98E51E165C4F00BAF27A /* NSArray+MASShorthandAdditions.h */,
				119C98E61E165C4F00BAF27A /* NSLayoutConstraint+MASDebugAdditions.h */,
				119C98E71E165C4F00BAF27A /* NSLayoutConstraint+MASDebugAdditions.m */,
				119C98E81E165C4F00BAF27A /* View+MASAdditions.h */,
				119C98E91E165C4F00BAF27A /* View+MASAdditions.m */,
				119C98EA1E165C4F00BAF27A /* View+MASShorthandAdditions.h */,
				119C98EB1E165C4F00BAF27A /* ViewController+MASAdditions.h */,
				119C98EC1E165C4F00BAF27A /* ViewController+MASAdditions.m */,
			);
			path = Masonry;
			sourceTree = "<group>";
		};
/* End PBXGroup section */

/* Begin PBXNativeTarget section */
		119C98B41E164E2300BAF27A /* NewFeatureDemo */ = {
			isa = PBXNativeTarget;
			buildConfigurationList = 119C98CC1E164E2300BAF27A /* Build configuration list for PBXNativeTarget "NewFeatureDemo" */;
			buildPhases = (
				119C98B11E164E2300BAF27A /* Sources */,
				119C98B21E164E2300BAF27A /* Frameworks */,
				119C98B31E164E2300BAF27A /* Resources */,
			);
			buildRules = (
			);
			dependencies = (
			);
			name = NewFeatureDemo;
			productName = NewFeatureDemo;
			productReference = 119C98B51E164E2300BAF27A /* NewFeatureDemo.app */;
			productType = "com.apple.product-type.application";
		};
/* End PBXNativeTarget section */

/* Begin PBXProject section */
		119C98AD1E164E2300BAF27A /* Project object */ = {
			isa = PBXProject;
			attributes = {
				LastUpgradeCheck = 0810;
				ORGANIZATIONNAME = "Mac-b";
				TargetAttributes = {
					119C98B41E164E2300BAF27A = {
						CreatedOnToolsVersion = 8.1;
						ProvisioningStyle = Automatic;
					};
				};
			};
			buildConfigurationList = 119C98B01E164E2300BAF27A /* Build configuration list for PBXProject "NewFeatureDemo" */;
			compatibilityVersion = "Xcode 3.2";
			developmentRegion = English;
			hasScannedForEncodings = 0;
			knownRegions = (
				en,
				Base,
			);
			mainGroup = 119C98AC1E164E2300BAF27A;
			productRefGroup = 119C98B61E164E2300BAF27A /* Products */;
			projectDirPath = "";
			projectRoot = "";
			targets = (
				119C98B41E164E2300BAF27A /* NewFeatureDemo */,
			);
		};
/* End PBXProject section */

/* Begin PBXResourcesBuildPhase section */
		119C98B31E164E2300BAF27A /* Resources */ = {
			isa = PBXResourcesBuildPhase;
			buildActionMask = 2147483647;
			files = (
				119C98ED1E165C4F00BAF27A /* Info.plist in Resources */,
				119C98C81E164E2300BAF27A /* LaunchScreen.storyboard in Resources */,
				119C98C51E164E2300BAF27A /* Assets.xcassets in Resources */,
				119C98C31E164E2300BAF27A /* Main.storyboard in Resources */,
			);
			runOnlyForDeploymentPostprocessing = 0;
		};
/* End PBXResourcesBuildPhase section */

/* Begin PBXSourcesBuildPhase section */
		119C98B11E164E2300BAF27A /* Sources */ = {
			isa = PBXSourcesBuildPhase;
			buildActionMask = 2147483647;
			files = (
				119C98F01E165C4F00BAF27A /* MASConstraintMaker.m in Sources */,
				119C98D11E1651A600BAF27A /* NewFeatureView.m in Sources */,
				119C98C01E164E2300BAF27A /* ViewController.m in Sources */,
				119C98EF1E165C4F00BAF27A /* MASConstraint.m in Sources */,
				119C98F71E165C4F00BAF27A /* ViewController+MASAdditions.m in Sources */,
				119C98F11E165C4F00BAF27A /* MASLayoutConstraint.m in Sources */,
				119C98F41E165C4F00BAF27A /* NSArray+MASAdditions.m in Sources */,
				119C98F31E165C4F00BAF27A /* MASViewConstraint.m in Sources */,
				119C98F21E165C4F00BAF27A /* MASViewAttribute.m in Sources */,
				119C98F61E165C4F00BAF27A /* View+MASAdditions.m in Sources */,
				119C98BD1E164E2300BAF27A /* AppDelegate.m in Sources */,
				119C98BA1E164E2300BAF27A /* main.m in Sources */,
				119C98EE1E165C4F00BAF27A /* MASCompositeConstraint.m in Sources */,
				119C98F51E165C4F00BAF27A /* NSLayoutConstraint+MASDebugAdditions.m in Sources */,
			);
			runOnlyForDeploymentPostprocessing = 0;
		};
/* End PBXSourcesBuildPhase section */

/* Begin PBXVariantGroup section */
		119C98C11E164E2300BAF27A /* Main.storyboard */ = {
			isa = PBXVariantGroup;
			children = (
				119C98C21E164E2300BAF27A /* Base */,
			);
			name = Main.storyboard;
			sourceTree = "<group>";
		};
		119C98C61E164E2300BAF27A /* LaunchScreen.storyboard */ = {
			isa = PBXVariantGroup;
			children = (
				119C98C71E164E2300BAF27A /* Base */,
			);
			name = LaunchScreen.storyboard;
			sourceTree = "<group>";
		};
/* End PBXVariantGroup section */

/* Begin XCBuildConfiguration section */
		119C98CA1E164E2300BAF27A /* Debug */ = {
			isa = XCBuildConfiguration;
			buildSettings = {
				ALWAYS_SEARCH_USER_PATHS = NO;
				CLANG_ANALYZER_NONNULL = YES;
				CLANG_CXX_LANGUAGE_STANDARD = "gnu++0x";
				CLANG_CXX_LIBRARY = "libc++";
				CLANG_ENABLE_MODULES = YES;
				CLANG_ENABLE_OBJC_ARC = YES;
				CLANG_WARN_BOOL_CONVERSION = YES;
				CLANG_WARN_CONSTANT_CONVERSION = YES;
				CLANG_WARN_DIRECT_OBJC_ISA_USAGE = YES_ERROR;
				CLANG_WARN_DOCUMENTATION_COMMENTS = YES;
				CLANG_WARN_EMPTY_BODY = YES;
				CLANG_WARN_ENUM_CONVERSION = YES;
				CLANG_WARN_INFINITE_RECURSION = YES;
				CLANG_WARN_INT_CONVERSION = YES;
				CLANG_WARN_OBJC_ROOT_CLASS = YES_ERROR;
				CLANG_WARN_SUSPICIOUS_MOVES = YES;
				CLANG_WARN_UNREACHABLE_CODE = YES;
				CLANG_WARN__DUPLICATE_METHOD_MATCH = YES;
				"CODE_SIGN_IDENTITY[sdk=iphoneos*]" = "iPhone Developer";
				COPY_PHASE_STRIP = NO;
				DEBUG_INFORMATION_FORMAT = dwarf;
				ENABLE_STRICT_OBJC_MSGSEND = YES;
				ENABLE_TESTABILITY = YES;
				GCC_C_LANGUAGE_STANDARD = gnu99;
				GCC_DYNAMIC_NO_PIC = NO;
				GCC_NO_COMMON_BLOCKS = YES;
				GCC_OPTIMIZATION_LEVEL = 0;
				GCC_PREPROCESSOR_DEFINITIONS = (
					"DEBUG=1",
					"$(inherited)",
				);
				GCC_WARN_64_TO_32_BIT_CONVERSION = YES;
				GCC_WARN_ABOUT_RETURN_TYPE = YES_ERROR;
				GCC_WARN_UNDECLARED_SELECTOR = YES;
				GCC_WARN_UNINITIALIZED_AUTOS = YES_AGGRESSIVE;
				GCC_WARN_UNUSED_FUNCTION = YES;
				GCC_WARN_UNUSED_VARIABLE = YES;
				IPHONEOS_DEPLOYMENT_TARGET = 10.1;
				MTL_ENABLE_DEBUG_INFO = YES;
				ONLY_ACTIVE_ARCH = YES;
				SDKROOT = iphoneos;
				TARGETED_DEVICE_FAMILY = "1,2";
			};
			name = Debug;
		};
		119C98CB1E164E2300BAF27A /* Release */ = {
			isa = XCBuildConfiguration;
			buildSettings = {
				ALWAYS_SEARCH_USER_PATHS = NO;
				CLANG_ANALYZER_NONNULL = YES;
				CLANG_CXX_LANGUAGE_STANDARD = "gnu++0x";
				CLANG_CXX_LIBRARY = "libc++";
				CLANG_ENABLE_MODULES = YES;
				CLANG_ENABLE_OBJC_ARC = YES;
				CLANG_WARN_BOOL_CONVERSION = YES;
				CLANG_WARN_CONSTANT_CONVERSION = YES;
				CLANG_WARN_DIRECT_OBJC_ISA_USAGE = YES_ERROR;
				CLANG_WARN_DOCUMENTATION_COMMENTS = YES;
				CLANG_WARN_EMPTY_BODY = YES;
				CLANG_WARN_ENUM_CONVERSION = YES;
				CLANG_WARN_INFINITE_RECURSION = YES;
				CLANG_WARN_INT_CONVERSION = YES;
				CLANG_WARN_OBJC_ROOT_CLASS = YES_ERROR;
				CLANG_WARN_SUSPICIOUS_MOVES = YES;
				CLANG_WARN_UNREACHABLE_CODE = YES;
				CLANG_WARN__DUPLICATE_METHOD_MATCH = YES;
				"CODE_SIGN_IDENTITY[sdk=iphoneos*]" = "iPhone Developer";
				COPY_PHASE_STRIP = NO;
				DEBUG_INFORMATION_FORMAT = "dwarf-with-dsym";
				ENABLE_NS_ASSERTIONS = NO;
				ENABLE_STRICT_OBJC_MSGSEND = YES;
				GCC_C_LANGUAGE_STANDARD = gnu99;
				GCC_NO_COMMON_BLOCKS = YES;
				GCC_WARN_64_TO_32_BIT_CONVERSION = YES;
				GCC_WARN_ABOUT_RETURN_TYPE = YES_ERROR;
				GCC_WARN_UNDECLARED_SELECTOR = YES;
				GCC_WARN_UNINITIALIZED_AUTOS = YES_AGGRESSIVE;
				GCC_WARN_UNUSED_FUNCTION = YES;
				GCC_WARN_UNUSED_VARIABLE = YES;
				IPHONEOS_DEPLOYMENT_TARGET = 10.1;
				MTL_ENABLE_DEBUG_INFO = NO;
				SDKROOT = iphoneos;
				TARGETED_DEVICE_FAMILY = "1,2";
				VALIDATE_PRODUCT = YES;
			};
			name = Release;
		};
		119C98CD1E164E2300BAF27A /* Debug */ = {
			isa = XCBuildConfiguration;
			buildSettings = {
				ASSETCATALOG_COMPILER_APPICON_NAME = AppIcon;
				INFOPLIST_FILE = NewFeatureDemo/Info.plist;
				LD_RUNPATH_SEARCH_PATHS = "$(inherited) @executable_path/Frameworks";
				PRODUCT_BUNDLE_IDENTIFIER = "b-Mac.NewFeatureDemo";
				PRODUCT_NAME = "$(TARGET_NAME)";
			};
			name = Debug;
		};
		119C98CE1E164E2300BAF27A /* Release */ = {
			isa = XCBuildConfiguration;
			buildSettings = {
				ASSETCATALOG_COMPILER_APPICON_NAME = AppIcon;
				INFOPLIST_FILE = NewFeatureDemo/Info.plist;
				LD_RUNPATH_SEARCH_PATHS = "$(inherited) @executable_path/Frameworks";
				PRODUCT_BUNDLE_IDENTIFIER = "b-Mac.NewFeatureDemo";
				PRODUCT_NAME = "$(TARGET_NAME)";
			};
			name = Release;
		};
/* End XCBuildConfiguration section */

/* Begin XCConfigurationList section */
		119C98B01E164E2300BAF27A /* Build configuration list for PBXProject "NewFeatureDemo" */ = {
			isa = XCConfigurationList;
			buildConfigurations = (
				119C98CA1E164E2300BAF27A /* Debug */,
				119C98CB1E164E2300BAF27A /* Release */,
			);
			defaultConfigurationIsVisible = 0;
			defaultConfigurationName = Release;
		};
		119C98CC1E164E2300BAF27A /* Build configuration list for PBXNativeTarget "NewFeatureDemo" */ = {
			isa = XCConfigurationList;
			buildConfigurations = (
				119C98CD1E164E2300BAF27A /* Debug */,
				119C98CE1E164E2300BAF27A /* Release */,
			);
			defaultConfigurationIsVisible = 0;
		};
/* End XCConfigurationList section */
	};
	rootObject = 119C98AD1E164E2300BAF27A /* Project object */;
}
